// !$*UTF8*$!
{
	archiveVersion = 1;
	classes = {
	};
	objectVersion = 55;
	objects = {

/* Begin PBXBuildFile section */
		5A0427DF28889AB7003F9726 /* SignInViewController.swift in Sources */ = {isa = PBXBuildFile; fileRef = 5A0427DE28889AB7003F9726 /* SignInViewController.swift */; };
		5A0905AF295D68EB00F4629B /* FoodCardCollectionViewCell.swift in Sources */ = {isa = PBXBuildFile; fileRef = 5A0905AE295D68EB00F4629B /* FoodCardCollectionViewCell.swift */; };
		5A0905B1295D691E00F4629B /* FoodItemListCollectionViewCell.swift in Sources */ = {isa = PBXBuildFile; fileRef = 5A0905B0295D691E00F4629B /* FoodItemListCollectionViewCell.swift */; };
		5A0905B3295D698700F4629B /* PreparationTableViewCell.swift in Sources */ = {isa = PBXBuildFile; fileRef = 5A0905B2295D698700F4629B /* PreparationTableViewCell.swift */; };
		5A0905B5295D69B400F4629B /* FoodItemTableViewCell.swift in Sources */ = {isa = PBXBuildFile; fileRef = 5A0905B4295D69B400F4629B /* FoodItemTableViewCell.swift */; };
		5A0905B7295E118500F4629B /* HeaderCollectionReusableView.swift in Sources */ = {isa = PBXBuildFile; fileRef = 5A0905B6295E118500F4629B /* HeaderCollectionReusableView.swift */; };
		5A1DB9A228FC68960048935F /* NutrientsViewController.swift in Sources */ = {isa = PBXBuildFile; fileRef = 5A1DB9A128FC68960048935F /* NutrientsViewController.swift */; };
		5A21D89928EABB8A0080EEFD /* Workouts Screens.storyboard in Resources */ = {isa = PBXBuildFile; fileRef = 5A21D89828EABB8A0080EEFD /* Workouts Screens.storyboard */; };
		5A21D89B28EABFD10080EEFD /* TabBar.storyboard in Resources */ = {isa = PBXBuildFile; fileRef = 5A21D89A28EABFD10080EEFD /* TabBar.storyboard */; };
		5A2D2C8228F48F550070E168 /* CircularProgressView.swift in Sources */ = {isa = PBXBuildFile; fileRef = 5A2D2C8128F48F550070E168 /* CircularProgressView.swift */; };
		5A2D450A28EC034600FF7EAC /* Profile Screen.storyboard in Resources */ = {isa = PBXBuildFile; fileRef = 5A2D450928EC034600FF7EAC /* Profile Screen.storyboard */; };
		5A482AE52889953500030497 /* SignUpViewController.swift in Sources */ = {isa = PBXBuildFile; fileRef = 5A482AE42889953500030497 /* SignUpViewController.swift */; };
		5A52A4E829200BD700ED4821 /* MethodsOfProfileVC.swift in Sources */ = {isa = PBXBuildFile; fileRef = 5A52A4E729200BD700ED4821 /* MethodsOfProfileVC.swift */; };
		5A52A4EA29200D5100ED4821 /* ImagePickerViewExtention.swift in Sources */ = {isa = PBXBuildFile; fileRef = 5A52A4E929200D5100ED4821 /* ImagePickerViewExtention.swift */; };
		5A585EE828EBEEEC004C375F /* ExerciseListViewController.swift in Sources */ = {isa = PBXBuildFile; fileRef = 5A585EE728EBEEEC004C375F /* ExerciseListViewController.swift */; };
		5A617BFC29082A6A00B7A0EA /* GoogleService-Info.plist in Resources */ = {isa = PBXBuildFile; fileRef = 5A617BFB29082A6A00B7A0EA /* GoogleService-Info.plist */; };
		5A6AA274294866B7004A9018 /* DietPlanData.swift in Sources */ = {isa = PBXBuildFile; fileRef = 5A6AA273294866B7004A9018 /* DietPlanData.swift */; };
		5A6AA27629488C2E004A9018 /* RecipeDescription.swift in Sources */ = {isa = PBXBuildFile; fileRef = 5A6AA27529488C2E004A9018 /* RecipeDescription.swift */; };
		5A71922C2903225A00128967 /* UtilityExtension.swift in Sources */ = {isa = PBXBuildFile; fileRef = 5A71922B2903225A00128967 /* UtilityExtension.swift */; };
		5A7522E728EC44410022E260 /* ProfileViewController.swift in Sources */ = {isa = PBXBuildFile; fileRef = 5A7522E628EC44410022E260 /* ProfileViewController.swift */; };
		5A7A8B3028E891A60024E4C1 /* SignInSignUpViewController.swift in Sources */ = {isa = PBXBuildFile; fileRef = 5A7A8B2F28E891A60024E4C1 /* SignInSignUpViewController.swift */; };
		5A7FC91329085B7600A1F3F5 /* Utilities.swift in Sources */ = {isa = PBXBuildFile; fileRef = 5A7FC91229085B7600A1F3F5 /* Utilities.swift */; };
		5A7FC91529086C6400A1F3F5 /* Storyboards.swift in Sources */ = {isa = PBXBuildFile; fileRef = 5A7FC91429086C6400A1F3F5 /* Storyboards.swift */; };
		5A87AE7828F83D500079E68E /* DietPlan.swift in Sources */ = {isa = PBXBuildFile; fileRef = 5A87AE7728F83D500079E68E /* DietPlan.swift */; };
		5A87AE7A28F89EB90079E68E /* FoodCardModel.swift in Sources */ = {isa = PBXBuildFile; fileRef = 5A87AE7928F89EB90079E68E /* FoodCardModel.swift */; };
		5A8C64A5294224420014B6EB /* GifViewController.swift in Sources */ = {isa = PBXBuildFile; fileRef = 5A8C64A4294224420014B6EB /* GifViewController.swift */; };
		5A8C64A8294245300014B6EB /* Kingfisher in Frameworks */ = {isa = PBXBuildFile; productRef = 5A8C64A7294245300014B6EB /* Kingfisher */; };
		5A9E586E2950B875002504D0 /* APIJsonResponse in Resources */ = {isa = PBXBuildFile; fileRef = 5A9E586D2950B874002504D0 /* APIJsonResponse */; };
		5AAB51D928F2E58700913048 /* ExerciseViewController.swift in Sources */ = {isa = PBXBuildFile; fileRef = 5AAB51D828F2E58700913048 /* ExerciseViewController.swift */; };
		5AB27F7D28F019E8008DFEB0 /* ExerciseList.swift in Sources */ = {isa = PBXBuildFile; fileRef = 5AB27F7C28F019E8008DFEB0 /* ExerciseList.swift */; };
		5AB27F8128F01E91008DFEB0 /* ExerciseListCell.swift in Sources */ = {isa = PBXBuildFile; fileRef = 5AB27F8028F01E91008DFEB0 /* ExerciseListCell.swift */; };
		5AC8117B28E9D24A00E5E7E0 /* WorkoutsViewController.swift in Sources */ = {isa = PBXBuildFile; fileRef = 5AC8117A28E9D24A00E5E7E0 /* WorkoutsViewController.swift */; };
		5AC8117D28E9DF8F00E5E7E0 /* CardCell.swift in Sources */ = {isa = PBXBuildFile; fileRef = 5AC8117C28E9DF8F00E5E7E0 /* CardCell.swift */; };
		5AC8518F28ED413300B17C47 /* WorkoutScreenConstants.swift in Sources */ = {isa = PBXBuildFile; fileRef = 5AC8518E28ED413300B17C47 /* WorkoutScreenConstants.swift */; };
		5AD2FDEF29328F06000A5740 /* ExerciseListData.swift in Sources */ = {isa = PBXBuildFile; fileRef = 5AD2FDEE29328F06000A5740 /* ExerciseListData.swift */; };
		5AD2FDF129333B5A000A5740 /* ExerciseDescription.swift in Sources */ = {isa = PBXBuildFile; fileRef = 5AD2FDF029333B5A000A5740 /* ExerciseDescription.swift */; };
		5AD79D8A2935E20F0084F661 /* ExerciseListDataModel.swift in Sources */ = {isa = PBXBuildFile; fileRef = 5AD79D892935E20F0084F661 /* ExerciseListDataModel.swift */; };
		5ADCF49D28872E8B00EB653A /* AppDelegate.swift in Sources */ = {isa = PBXBuildFile; fileRef = 5ADCF49C28872E8B00EB653A /* AppDelegate.swift */; };
		5ADCF49F28872E8B00EB653A /* SceneDelegate.swift in Sources */ = {isa = PBXBuildFile; fileRef = 5ADCF49E28872E8B00EB653A /* SceneDelegate.swift */; };
		5ADCF4A428872E8B00EB653A /* Main.storyboard in Resources */ = {isa = PBXBuildFile; fileRef = 5ADCF4A228872E8B00EB653A /* Main.storyboard */; };
		5ADCF4A628872E8F00EB653A /* Assets.xcassets in Resources */ = {isa = PBXBuildFile; fileRef = 5ADCF4A528872E8F00EB653A /* Assets.xcassets */; };
		5ADCF4A928872E8F00EB653A /* LaunchScreen.storyboard in Resources */ = {isa = PBXBuildFile; fileRef = 5ADCF4A728872E8F00EB653A /* LaunchScreen.storyboard */; };
		5ADCF4B128872FA600EB653A /* WelcomeViewController.swift in Sources */ = {isa = PBXBuildFile; fileRef = 5ADCF4B028872FA600EB653A /* WelcomeViewController.swift */; };
		5AE5D9DB28F6FA0600E40363 /* Diet Plan Screen.storyboard in Resources */ = {isa = PBXBuildFile; fileRef = 5AE5D9DA28F6FA0500E40363 /* Diet Plan Screen.storyboard */; };
		5AE5D9DE28F6FB7300E40363 /* DietPlanViewController.swift in Sources */ = {isa = PBXBuildFile; fileRef = 5AE5D9DD28F6FB7300E40363 /* DietPlanViewController.swift */; };
		5AF5A95C2909A48000214433 /* LoadingView.swift in Sources */ = {isa = PBXBuildFile; fileRef = 5AF5A95B2909A48000214433 /* LoadingView.swift */; };
		9555D52AFC3B1848AC2AC11C /* Pods_Get_Fit.framework in Frameworks */ = {isa = PBXBuildFile; fileRef = 85028C3F302E41E835900EB5 /* Pods_Get_Fit.framework */; };
/* End PBXBuildFile section */

/* Begin PBXFileReference section */
		3A9DB64AC63805F42333E964 /* Pods-Get Fit.debug.xcconfig */ = {isa = PBXFileReference; includeInIndex = 1; lastKnownFileType = text.xcconfig; name = "Pods-Get Fit.debug.xcconfig"; path = "Target Support Files/Pods-Get Fit/Pods-Get Fit.debug.xcconfig"; sourceTree = "<group>"; };
		5A0427DE28889AB7003F9726 /* SignInViewController.swift */ = {isa = PBXFileReference; lastKnownFileType = sourcecode.swift; path = SignInViewController.swift; sourceTree = "<group>"; };
		5A0905AE295D68EB00F4629B /* FoodCardCollectionViewCell.swift */ = {isa = PBXFileReference; lastKnownFileType = sourcecode.swift; path = FoodCardCollectionViewCell.swift; sourceTree = "<group>"; };
		5A0905B0295D691E00F4629B /* FoodItemListCollectionViewCell.swift */ = {isa = PBXFileReference; lastKnownFileType = sourcecode.swift; path = FoodItemListCollectionViewCell.swift; sourceTree = "<group>"; };
		5A0905B2295D698700F4629B /* PreparationTableViewCell.swift */ = {isa = PBXFileReference; lastKnownFileType = sourcecode.swift; path = PreparationTableViewCell.swift; sourceTree = "<group>"; };
		5A0905B4295D69B400F4629B /* FoodItemTableViewCell.swift */ = {isa = PBXFileReference; lastKnownFileType = sourcecode.swift; path = FoodItemTableViewCell.swift; sourceTree = "<group>"; };
		5A0905B6295E118500F4629B /* HeaderCollectionReusableView.swift */ = {isa = PBXFileReference; lastKnownFileType = sourcecode.swift; path = HeaderCollectionReusableView.swift; sourceTree = "<group>"; };
		5A1DB9A128FC68960048935F /* NutrientsViewController.swift */ = {isa = PBXFileReference; lastKnownFileType = sourcecode.swift; path = NutrientsViewController.swift; sourceTree = "<group>"; };
		5A21D89828EABB8A0080EEFD /* Workouts Screens.storyboard */ = {isa = PBXFileReference; lastKnownFileType = file.storyboard; path = "Workouts Screens.storyboard"; sourceTree = "<group>"; };
		5A21D89A28EABFD10080EEFD /* TabBar.storyboard */ = {isa = PBXFileReference; lastKnownFileType = file.storyboard; path = TabBar.storyboard; sourceTree = "<group>"; };
		5A2D2C8128F48F550070E168 /* CircularProgressView.swift */ = {isa = PBXFileReference; lastKnownFileType = sourcecode.swift; path = CircularProgressView.swift; sourceTree = "<group>"; };
		5A2D450928EC034600FF7EAC /* Profile Screen.storyboard */ = {isa = PBXFileReference; lastKnownFileType = file.storyboard; path = "Profile Screen.storyboard"; sourceTree = "<group>"; };
		5A482AE42889953500030497 /* SignUpViewController.swift */ = {isa = PBXFileReference; lastKnownFileType = sourcecode.swift; path = SignUpViewController.swift; sourceTree = "<group>"; };
		5A52A4E729200BD700ED4821 /* MethodsOfProfileVC.swift */ = {isa = PBXFileReference; lastKnownFileType = sourcecode.swift; path = MethodsOfProfileVC.swift; sourceTree = "<group>"; };
		5A52A4E929200D5100ED4821 /* ImagePickerViewExtention.swift */ = {isa = PBXFileReference; lastKnownFileType = sourcecode.swift; path = ImagePickerViewExtention.swift; sourceTree = "<group>"; };
		5A585EE728EBEEEC004C375F /* ExerciseListViewController.swift */ = {isa = PBXFileReference; lastKnownFileType = sourcecode.swift; path = ExerciseListViewController.swift; sourceTree = "<group>"; };
		5A617BFB29082A6A00B7A0EA /* GoogleService-Info.plist */ = {isa = PBXFileReference; fileEncoding = 4; lastKnownFileType = text.plist.xml; path = "GoogleService-Info.plist"; sourceTree = "<group>"; };
		5A6AA273294866B7004A9018 /* DietPlanData.swift */ = {isa = PBXFileReference; lastKnownFileType = sourcecode.swift; path = DietPlanData.swift; sourceTree = "<group>"; };
		5A6AA27529488C2E004A9018 /* RecipeDescription.swift */ = {isa = PBXFileReference; lastKnownFileType = sourcecode.swift; path = RecipeDescription.swift; sourceTree = "<group>"; };
		5A71922B2903225A00128967 /* UtilityExtension.swift */ = {isa = PBXFileReference; lastKnownFileType = sourcecode.swift; path = UtilityExtension.swift; sourceTree = "<group>"; };
		5A7522E628EC44410022E260 /* ProfileViewController.swift */ = {isa = PBXFileReference; lastKnownFileType = sourcecode.swift; path = ProfileViewController.swift; sourceTree = "<group>"; };
		5A7A8B2F28E891A60024E4C1 /* SignInSignUpViewController.swift */ = {isa = PBXFileReference; lastKnownFileType = sourcecode.swift; path = SignInSignUpViewController.swift; sourceTree = "<group>"; };
		5A7FC91229085B7600A1F3F5 /* Utilities.swift */ = {isa = PBXFileReference; lastKnownFileType = sourcecode.swift; path = Utilities.swift; sourceTree = "<group>"; };
		5A7FC91429086C6400A1F3F5 /* Storyboards.swift */ = {isa = PBXFileReference; lastKnownFileType = sourcecode.swift; path = Storyboards.swift; sourceTree = "<group>"; };
		5A87AE7728F83D500079E68E /* DietPlan.swift */ = {isa = PBXFileReference; lastKnownFileType = sourcecode.swift; path = DietPlan.swift; sourceTree = "<group>"; };
		5A87AE7928F89EB90079E68E /* FoodCardModel.swift */ = {isa = PBXFileReference; lastKnownFileType = sourcecode.swift; path = FoodCardModel.swift; sourceTree = "<group>"; };
		5A8C64A4294224420014B6EB /* GifViewController.swift */ = {isa = PBXFileReference; lastKnownFileType = sourcecode.swift; path = GifViewController.swift; sourceTree = "<group>"; };
		5A9E586D2950B874002504D0 /* APIJsonResponse */ = {isa = PBXFileReference; lastKnownFileType = text; path = APIJsonResponse; sourceTree = "<group>"; };
		5AAB51D828F2E58700913048 /* ExerciseViewController.swift */ = {isa = PBXFileReference; lastKnownFileType = sourcecode.swift; path = ExerciseViewController.swift; sourceTree = "<group>"; };
		5AB27F7C28F019E8008DFEB0 /* ExerciseList.swift */ = {isa = PBXFileReference; lastKnownFileType = sourcecode.swift; path = ExerciseList.swift; sourceTree = "<group>"; };
		5AB27F8028F01E91008DFEB0 /* ExerciseListCell.swift */ = {isa = PBXFileReference; lastKnownFileType = sourcecode.swift; path = ExerciseListCell.swift; sourceTree = "<group>"; };
		5AC8117A28E9D24A00E5E7E0 /* WorkoutsViewController.swift */ = {isa = PBXFileReference; lastKnownFileType = sourcecode.swift; path = WorkoutsViewController.swift; sourceTree = "<group>"; };
		5AC8117C28E9DF8F00E5E7E0 /* CardCell.swift */ = {isa = PBXFileReference; lastKnownFileType = sourcecode.swift; path = CardCell.swift; sourceTree = "<group>"; };
		5AC8518E28ED413300B17C47 /* WorkoutScreenConstants.swift */ = {isa = PBXFileReference; lastKnownFileType = sourcecode.swift; path = WorkoutScreenConstants.swift; sourceTree = "<group>"; };
		5AD2FDEE29328F06000A5740 /* ExerciseListData.swift */ = {isa = PBXFileReference; lastKnownFileType = sourcecode.swift; path = ExerciseListData.swift; sourceTree = "<group>"; };
		5AD2FDF029333B5A000A5740 /* ExerciseDescription.swift */ = {isa = PBXFileReference; lastKnownFileType = sourcecode.swift; path = ExerciseDescription.swift; sourceTree = "<group>"; };
		5AD79D892935E20F0084F661 /* ExerciseListDataModel.swift */ = {isa = PBXFileReference; lastKnownFileType = sourcecode.swift; path = ExerciseListDataModel.swift; sourceTree = "<group>"; };
		5ADCF49928872E8B00EB653A /* Get Fit.app */ = {isa = PBXFileReference; explicitFileType = wrapper.application; includeInIndex = 0; path = "Get Fit.app"; sourceTree = BUILT_PRODUCTS_DIR; };
		5ADCF49C28872E8B00EB653A /* AppDelegate.swift */ = {isa = PBXFileReference; lastKnownFileType = sourcecode.swift; path = AppDelegate.swift; sourceTree = "<group>"; };
		5ADCF49E28872E8B00EB653A /* SceneDelegate.swift */ = {isa = PBXFileReference; lastKnownFileType = sourcecode.swift; path = SceneDelegate.swift; sourceTree = "<group>"; };
		5ADCF4A328872E8B00EB653A /* Base */ = {isa = PBXFileReference; lastKnownFileType = file.storyboard; name = Base; path = Base.lproj/Main.storyboard; sourceTree = "<group>"; };
		5ADCF4A528872E8F00EB653A /* Assets.xcassets */ = {isa = PBXFileReference; lastKnownFileType = folder.assetcatalog; path = Assets.xcassets; sourceTree = "<group>"; };
		5ADCF4A828872E8F00EB653A /* Base */ = {isa = PBXFileReference; lastKnownFileType = file.storyboard; name = Base; path = Base.lproj/LaunchScreen.storyboard; sourceTree = "<group>"; };
		5ADCF4AA28872E8F00EB653A /* Info.plist */ = {isa = PBXFileReference; lastKnownFileType = text.plist.xml; path = Info.plist; sourceTree = "<group>"; };
		5ADCF4B028872FA600EB653A /* WelcomeViewController.swift */ = {isa = PBXFileReference; lastKnownFileType = sourcecode.swift; path = WelcomeViewController.swift; sourceTree = "<group>"; };
		5AE5D9DA28F6FA0500E40363 /* Diet Plan Screen.storyboard */ = {isa = PBXFileReference; lastKnownFileType = file.storyboard; path = "Diet Plan Screen.storyboard"; sourceTree = "<group>"; };
		5AE5D9DD28F6FB7300E40363 /* DietPlanViewController.swift */ = {isa = PBXFileReference; lastKnownFileType = sourcecode.swift; path = DietPlanViewController.swift; sourceTree = "<group>"; };
		5AF5A95B2909A48000214433 /* LoadingView.swift */ = {isa = PBXFileReference; lastKnownFileType = sourcecode.swift; path = LoadingView.swift; sourceTree = "<group>"; };
		85028C3F302E41E835900EB5 /* Pods_Get_Fit.framework */ = {isa = PBXFileReference; explicitFileType = wrapper.framework; includeInIndex = 0; path = Pods_Get_Fit.framework; sourceTree = BUILT_PRODUCTS_DIR; };
		DE1D3161DF7F852AD3CDDDB7 /* Pods-Get Fit.release.xcconfig */ = {isa = PBXFileReference; includeInIndex = 1; lastKnownFileType = text.xcconfig; name = "Pods-Get Fit.release.xcconfig"; path = "Target Support Files/Pods-Get Fit/Pods-Get Fit.release.xcconfig"; sourceTree = "<group>"; };
/* End PBXFileReference section */

/* Begin PBXFrameworksBuildPhase section */
		5ADCF49628872E8B00EB653A /* Frameworks */ = {
			isa = PBXFrameworksBuildPhase;
			buildActionMask = 2147483647;
			files = (
				5A8C64A8294245300014B6EB /* Kingfisher in Frameworks */,
				9555D52AFC3B1848AC2AC11C /* Pods_Get_Fit.framework in Frameworks */,
			);
			runOnlyForDeploymentPostprocessing = 0;
		};
/* End PBXFrameworksBuildPhase section */

/* Begin PBXGroup section */
		290151398CB564D75881A3FE /* Pods */ = {
			isa = PBXGroup;
			children = (
				3A9DB64AC63805F42333E964 /* Pods-Get Fit.debug.xcconfig */,
				DE1D3161DF7F852AD3CDDDB7 /* Pods-Get Fit.release.xcconfig */,
			);
			path = Pods;
			sourceTree = "<group>";
		};
		5A0905AD295D639200F4629B /* Compositional Layout */ = {
			isa = PBXGroup;
			children = (
				5AE5D9DD28F6FB7300E40363 /* DietPlanViewController.swift */,
				5A0905B6295E118500F4629B /* HeaderCollectionReusableView.swift */,
			);
			path = "Compositional Layout";
			sourceTree = "<group>";
		};
		5A52A4EB29200D9A00ED4821 /* Extension of ProfileVC */ = {
			isa = PBXGroup;
			children = (
				5A52A4E929200D5100ED4821 /* ImagePickerViewExtention.swift */,
				5A52A4E729200BD700ED4821 /* MethodsOfProfileVC.swift */,
			);
			path = "Extension of ProfileVC";
			sourceTree = "<group>";
		};
		5A71922D2903228400128967 /* Utilities */ = {
			isa = PBXGroup;
			children = (
				5A71922B2903225A00128967 /* UtilityExtension.swift */,
				5A7FC91229085B7600A1F3F5 /* Utilities.swift */,
				5AF5A95B2909A48000214433 /* LoadingView.swift */,
				5AD2FDEE29328F06000A5740 /* ExerciseListData.swift */,
				5A6AA273294866B7004A9018 /* DietPlanData.swift */,
			);
			path = Utilities;
			sourceTree = "<group>";
		};
		5AB27F7E28F01B66008DFEB0 /* Workouts Screen */ = {
			isa = PBXGroup;
			children = (
				5AC8117A28E9D24A00E5E7E0 /* WorkoutsViewController.swift */,
				5AC8117C28E9DF8F00E5E7E0 /* CardCell.swift */,
			);
			path = "Workouts Screen";
			sourceTree = "<group>";
		};
		5AB27F7F28F01C0C008DFEB0 /* Exercise List Screen */ = {
			isa = PBXGroup;
			children = (
				5A585EE728EBEEEC004C375F /* ExerciseListViewController.swift */,
				5AB27F8028F01E91008DFEB0 /* ExerciseListCell.swift */,
				5AAB51D828F2E58700913048 /* ExerciseViewController.swift */,
				5A2D2C8128F48F550070E168 /* CircularProgressView.swift */,
				5A8C64A4294224420014B6EB /* GifViewController.swift */,
			);
			path = "Exercise List Screen";
			sourceTree = "<group>";
		};
		5AC8518D28ED40C100B17C47 /* Constant Data */ = {
			isa = PBXGroup;
			children = (
				5AC8518E28ED413300B17C47 /* WorkoutScreenConstants.swift */,
				5AB27F7C28F019E8008DFEB0 /* ExerciseList.swift */,
				5A87AE7728F83D500079E68E /* DietPlan.swift */,
				5A7FC91429086C6400A1F3F5 /* Storyboards.swift */,
			);
			path = "Constant Data";
			sourceTree = "<group>";
		};
		5AD2FDED29328EAF000A5740 /* New Group */ = {
			isa = PBXGroup;
			children = (
			);
			path = "New Group";
			sourceTree = "<group>";
		};
		5ADCF49028872E8B00EB653A = {
			isa = PBXGroup;
			children = (
				5ADCF49B28872E8B00EB653A /* Get Fit */,
				5ADCF49A28872E8B00EB653A /* Products */,
				290151398CB564D75881A3FE /* Pods */,
				DC3BF1778C7BBF6D22382532 /* Frameworks */,
			);
			sourceTree = "<group>";
		};
		5ADCF49A28872E8B00EB653A /* Products */ = {
			isa = PBXGroup;
			children = (
				5ADCF49928872E8B00EB653A /* Get Fit.app */,
			);
			name = Products;
			sourceTree = "<group>";
		};
		5ADCF49B28872E8B00EB653A /* Get Fit */ = {
			isa = PBXGroup;
			children = (
				5AD2FDED29328EAF000A5740 /* New Group */,
				5ADCF49C28872E8B00EB653A /* AppDelegate.swift */,
				5ADCF49E28872E8B00EB653A /* SceneDelegate.swift */,
				5ADCF4B22887313F00EB653A /* Models */,
				5ADCF4B32887314900EB653A /* Views */,
				5ADCF4B42887315C00EB653A /* Controllers */,
				5A71922D2903228400128967 /* Utilities */,
				5AC8518D28ED40C100B17C47 /* Constant Data */,
				5ADCF4A528872E8F00EB653A /* Assets.xcassets */,
				5ADCF4AA28872E8F00EB653A /* Info.plist */,
				5A617BFB29082A6A00B7A0EA /* GoogleService-Info.plist */,
			);
			path = "Get Fit";
			sourceTree = "<group>";
		};
		5ADCF4B22887313F00EB653A /* Models */ = {
			isa = PBXGroup;
			children = (
				5A87AE7928F89EB90079E68E /* FoodCardModel.swift */,
				5AD2FDF029333B5A000A5740 /* ExerciseDescription.swift */,
				5AD79D892935E20F0084F661 /* ExerciseListDataModel.swift */,
				5A6AA27529488C2E004A9018 /* RecipeDescription.swift */,
				5A9E586D2950B874002504D0 /* APIJsonResponse */,
			);
			path = Models;
			sourceTree = "<group>";
		};
		5ADCF4B32887314900EB653A /* Views */ = {
			isa = PBXGroup;
			children = (
				5ADCF4A228872E8B00EB653A /* Main.storyboard */,
				5A21D89828EABB8A0080EEFD /* Workouts Screens.storyboard */,
				5ADCF4A728872E8F00EB653A /* LaunchScreen.storyboard */,
				5A21D89A28EABFD10080EEFD /* TabBar.storyboard */,
				5A2D450928EC034600FF7EAC /* Profile Screen.storyboard */,
				5AE5D9DA28F6FA0500E40363 /* Diet Plan Screen.storyboard */,
			);
			path = Views;
			sourceTree = "<group>";
		};
		5ADCF4B42887315C00EB653A /* Controllers */ = {
			isa = PBXGroup;
			children = (
				5AE5D9E028F7031800E40363 /* Profile Screen */,
				5AE5D9DC28F6FB3B00E40363 /* Diet Plan Screens */,
				5AB27F7F28F01C0C008DFEB0 /* Exercise List Screen */,
				5AB27F7E28F01B66008DFEB0 /* Workouts Screen */,
				5AE5D9DF28F7026100E40363 /* Authentication */,
			);
			path = Controllers;
			sourceTree = "<group>";
		};
		5AE5D9DC28F6FB3B00E40363 /* Diet Plan Screens */ = {
			isa = PBXGroup;
			children = (
				5A0905AD295D639200F4629B /* Compositional Layout */,
				5A1DB9A128FC68960048935F /* NutrientsViewController.swift */,
				5A0905AE295D68EB00F4629B /* FoodCardCollectionViewCell.swift */,
				5A0905B0295D691E00F4629B /* FoodItemListCollectionViewCell.swift */,
				5A0905B2295D698700F4629B /* PreparationTableViewCell.swift */,
				5A0905B4295D69B400F4629B /* FoodItemTableViewCell.swift */,
			);
			path = "Diet Plan Screens";
			sourceTree = "<group>";
		};
		5AE5D9DF28F7026100E40363 /* Authentication */ = {
			isa = PBXGroup;
			children = (
				5ADCF4B028872FA600EB653A /* WelcomeViewController.swift */,
				5A0427DE28889AB7003F9726 /* SignInViewController.swift */,
				5A482AE42889953500030497 /* SignUpViewController.swift */,
				5A7A8B2F28E891A60024E4C1 /* SignInSignUpViewController.swift */,
			);
			path = Authentication;
			sourceTree = "<group>";
		};
		5AE5D9E028F7031800E40363 /* Profile Screen */ = {
			isa = PBXGroup;
			children = (
				5A7522E628EC44410022E260 /* ProfileViewController.swift */,
				5A52A4EB29200D9A00ED4821 /* Extension of ProfileVC */,
			);
			path = "Profile Screen";
			sourceTree = "<group>";
		};
		DC3BF1778C7BBF6D22382532 /* Frameworks */ = {
			isa = PBXGroup;
			children = (
				85028C3F302E41E835900EB5 /* Pods_Get_Fit.framework */,
			);
			name = Frameworks;
			sourceTree = "<group>";
		};
/* End PBXGroup section */

/* Begin PBXNativeTarget section */
		5ADCF49828872E8B00EB653A /* Get Fit */ = {
			isa = PBXNativeTarget;
			buildConfigurationList = 5ADCF4AD28872E8F00EB653A /* Build configuration list for PBXNativeTarget "Get Fit" */;
			buildPhases = (
				3E2408AF8A70AD76A222EDA0 /* [CP] Check Pods Manifest.lock */,
				5ADCF49528872E8B00EB653A /* Sources */,
				5ADCF49628872E8B00EB653A /* Frameworks */,
				5ADCF49728872E8B00EB653A /* Resources */,
				57C1C610E432B03C0CD5EF80 /* [CP] Embed Pods Frameworks */,
			);
			buildRules = (
			);
			dependencies = (
			);
			name = "Get Fit";
			packageProductDependencies = (
				5A8C64A7294245300014B6EB /* Kingfisher */,
			);
			productName = "Get Fit";
			productReference = 5ADCF49928872E8B00EB653A /* Get Fit.app */;
			productType = "com.apple.product-type.application";
		};
/* End PBXNativeTarget section */

/* Begin PBXProject section */
		5ADCF49128872E8B00EB653A /* Project object */ = {
			isa = PBXProject;
			attributes = {
				BuildIndependentTargetsInParallel = 1;
				LastSwiftUpdateCheck = 1340;
				LastUpgradeCheck = 1340;
				TargetAttributes = {
					5ADCF49828872E8B00EB653A = {
						CreatedOnToolsVersion = 13.4;
					};
				};
			};
			buildConfigurationList = 5ADCF49428872E8B00EB653A /* Build configuration list for PBXProject "Get Fit" */;
			compatibilityVersion = "Xcode 13.0";
			developmentRegion = en;
			hasScannedForEncodings = 0;
			knownRegions = (
				en,
				Base,
			);
			mainGroup = 5ADCF49028872E8B00EB653A;
			packageReferences = (
				5A8C64A6294245300014B6EB /* XCRemoteSwiftPackageReference "Kingfisher" */,
			);
			productRefGroup = 5ADCF49A28872E8B00EB653A /* Products */;
			projectDirPath = "";
			projectRoot = "";
			targets = (
				5ADCF49828872E8B00EB653A /* Get Fit */,
			);
		};
/* End PBXProject section */

/* Begin PBXResourcesBuildPhase section */
		5ADCF49728872E8B00EB653A /* Resources */ = {
			isa = PBXResourcesBuildPhase;
			buildActionMask = 2147483647;
			files = (
				5A21D89B28EABFD10080EEFD /* TabBar.storyboard in Resources */,
				5A617BFC29082A6A00B7A0EA /* GoogleService-Info.plist in Resources */,
				5AE5D9DB28F6FA0600E40363 /* Diet Plan Screen.storyboard in Resources */,
				5A2D450A28EC034600FF7EAC /* Profile Screen.storyboard in Resources */,
				5A9E586E2950B875002504D0 /* APIJsonResponse in Resources */,
				5ADCF4A928872E8F00EB653A /* LaunchScreen.storyboard in Resources */,
				5ADCF4A628872E8F00EB653A /* Assets.xcassets in Resources */,
				5ADCF4A428872E8B00EB653A /* Main.storyboard in Resources */,
				5A21D89928EABB8A0080EEFD /* Workouts Screens.storyboard in Resources */,
			);
			runOnlyForDeploymentPostprocessing = 0;
		};
/* End PBXResourcesBuildPhase section */

/* Begin PBXShellScriptBuildPhase section */
		3E2408AF8A70AD76A222EDA0 /* [CP] Check Pods Manifest.lock */ = {
			isa = PBXShellScriptBuildPhase;
			buildActionMask = 2147483647;
			files = (
			);
			inputFileListPaths = (
			);
			inputPaths = (
				"${PODS_PODFILE_DIR_PATH}/Podfile.lock",
				"${PODS_ROOT}/Manifest.lock",
			);
			name = "[CP] Check Pods Manifest.lock";
			outputFileListPaths = (
			);
			outputPaths = (
				"$(DERIVED_FILE_DIR)/Pods-Get Fit-checkManifestLockResult.txt",
			);
			runOnlyForDeploymentPostprocessing = 0;
			shellPath = /bin/sh;
			shellScript = "diff \"${PODS_PODFILE_DIR_PATH}/Podfile.lock\" \"${PODS_ROOT}/Manifest.lock\" > /dev/null\nif [ $? != 0 ] ; then\n    # print error to STDERR\n    echo \"error: The sandbox is not in sync with the Podfile.lock. Run 'pod install' or update your CocoaPods installation.\" >&2\n    exit 1\nfi\n# This output is used by Xcode 'outputs' to avoid re-running this script phase.\necho \"SUCCESS\" > \"${SCRIPT_OUTPUT_FILE_0}\"\n";
			showEnvVarsInLog = 0;
		};
		57C1C610E432B03C0CD5EF80 /* [CP] Embed Pods Frameworks */ = {
			isa = PBXShellScriptBuildPhase;
			buildActionMask = 2147483647;
			files = (
			);
			inputFileListPaths = (
				"${PODS_ROOT}/Target Support Files/Pods-Get Fit/Pods-Get Fit-frameworks-${CONFIGURATION}-input-files.xcfilelist",
			);
			name = "[CP] Embed Pods Frameworks";
			outputFileListPaths = (
				"${PODS_ROOT}/Target Support Files/Pods-Get Fit/Pods-Get Fit-frameworks-${CONFIGURATION}-output-files.xcfilelist",
			);
			runOnlyForDeploymentPostprocessing = 0;
			shellPath = /bin/sh;
			shellScript = "\"${PODS_ROOT}/Target Support Files/Pods-Get Fit/Pods-Get Fit-frameworks.sh\"\n";
			showEnvVarsInLog = 0;
		};
/* End PBXShellScriptBuildPhase section */

/* Begin PBXSourcesBuildPhase section */
		5ADCF49528872E8B00EB653A /* Sources */ = {
			isa = PBXSourcesBuildPhase;
			buildActionMask = 2147483647;
			files = (
				5A0905B5295D69B400F4629B /* FoodItemTableViewCell.swift in Sources */,
				5A0905B7295E118500F4629B /* HeaderCollectionReusableView.swift in Sources */,
				5A585EE828EBEEEC004C375F /* ExerciseListViewController.swift in Sources */,
				5AC8518F28ED413300B17C47 /* WorkoutScreenConstants.swift in Sources */,
				5A6AA27629488C2E004A9018 /* RecipeDescription.swift in Sources */,
				5ADCF4B128872FA600EB653A /* WelcomeViewController.swift in Sources */,
				5A52A4EA29200D5100ED4821 /* ImagePickerViewExtention.swift in Sources */,
				5A87AE7828F83D500079E68E /* DietPlan.swift in Sources */,
				5A7522E728EC44410022E260 /* ProfileViewController.swift in Sources */,
				5AB27F8128F01E91008DFEB0 /* ExerciseListCell.swift in Sources */,
				5A0905AF295D68EB00F4629B /* FoodCardCollectionViewCell.swift in Sources */,
				5AC8117B28E9D24A00E5E7E0 /* WorkoutsViewController.swift in Sources */,
				5AF5A95C2909A48000214433 /* LoadingView.swift in Sources */,
				5ADCF49D28872E8B00EB653A /* AppDelegate.swift in Sources */,
				5A8C64A5294224420014B6EB /* GifViewController.swift in Sources */,
				5A6AA274294866B7004A9018 /* DietPlanData.swift in Sources */,
				5AD2FDEF29328F06000A5740 /* ExerciseListData.swift in Sources */,
				5A52A4E829200BD700ED4821 /* MethodsOfProfileVC.swift in Sources */,
				5AE5D9DE28F6FB7300E40363 /* DietPlanViewController.swift in Sources */,
				5AC8117D28E9DF8F00E5E7E0 /* CardCell.swift in Sources */,
				5AD2FDF129333B5A000A5740 /* ExerciseDescription.swift in Sources */,
				5A7A8B3028E891A60024E4C1 /* SignInSignUpViewController.swift in Sources */,
				5AAB51D928F2E58700913048 /* ExerciseViewController.swift in Sources */,
				5A87AE7A28F89EB90079E68E /* FoodCardModel.swift in Sources */,
				5A0427DF28889AB7003F9726 /* SignInViewController.swift in Sources */,
				5AD79D8A2935E20F0084F661 /* ExerciseListDataModel.swift in Sources */,
				5ADCF49F28872E8B00EB653A /* SceneDelegate.swift in Sources */,
				5A482AE52889953500030497 /* SignUpViewController.swift in Sources */,
				5A0905B1295D691E00F4629B /* FoodItemListCollectionViewCell.swift in Sources */,
				5A2D2C8228F48F550070E168 /* CircularProgressView.swift in Sources */,
				5AB27F7D28F019E8008DFEB0 /* ExerciseList.swift in Sources */,
				5A7FC91529086C6400A1F3F5 /* Storyboards.swift in Sources */,
				5A1DB9A228FC68960048935F /* NutrientsViewController.swift in Sources */,
				5A0905B3295D698700F4629B /* PreparationTableViewCell.swift in Sources */,
				5A7FC91329085B7600A1F3F5 /* Utilities.swift in Sources */,
				5A71922C2903225A00128967 /* UtilityExtension.swift in Sources */,
			);
			runOnlyForDeploymentPostprocessing = 0;
		};
/* End PBXSourcesBuildPhase section */

/* Begin PBXVariantGroup section */
		5ADCF4A228872E8B00EB653A /* Main.storyboard */ = {
			isa = PBXVariantGroup;
			children = (
				5ADCF4A328872E8B00EB653A /* Base */,
			);
			name = Main.storyboard;
			sourceTree = "<group>";
		};
		5ADCF4A728872E8F00EB653A /* LaunchScreen.storyboard */ = {
			isa = PBXVariantGroup;
			children = (
				5ADCF4A828872E8F00EB653A /* Base */,
			);
			name = LaunchScreen.storyboard;
			sourceTree = "<group>";
		};
/* End PBXVariantGroup section */

/* Begin XCBuildConfiguration section */
		5ADCF4AB28872E8F00EB653A /* Debug */ = {
			isa = XCBuildConfiguration;
			buildSettings = {
				ALWAYS_SEARCH_USER_PATHS = NO;
				CLANG_ANALYZER_NONNULL = YES;
				CLANG_ANALYZER_NUMBER_OBJECT_CONVERSION = YES_AGGRESSIVE;
				CLANG_CXX_LANGUAGE_STANDARD = "gnu++17";
				CLANG_ENABLE_MODULES = YES;
				CLANG_ENABLE_OBJC_ARC = YES;
				CLANG_ENABLE_OBJC_WEAK = YES;
				CLANG_WARN_BLOCK_CAPTURE_AUTORELEASING = YES;
				CLANG_WARN_BOOL_CONVERSION = YES;
				CLANG_WARN_COMMA = YES;
				CLANG_WARN_CONSTANT_CONVERSION = YES;
				CLANG_WARN_DEPRECATED_OBJC_IMPLEMENTATIONS = YES;
				CLANG_WARN_DIRECT_OBJC_ISA_USAGE = YES_ERROR;
				CLANG_WARN_DOCUMENTATION_COMMENTS = YES;
				CLANG_WARN_EMPTY_BODY = YES;
				CLANG_WARN_ENUM_CONVERSION = YES;
				CLANG_WARN_INFINITE_RECURSION = YES;
				CLANG_WARN_INT_CONVERSION = YES;
				CLANG_WARN_NON_LITERAL_NULL_CONVERSION = YES;
				CLANG_WARN_OBJC_IMPLICIT_RETAIN_SELF = YES;
				CLANG_WARN_OBJC_LITERAL_CONVERSION = YES;
				CLANG_WARN_OBJC_ROOT_CLASS = YES_ERROR;
				CLANG_WARN_QUOTED_INCLUDE_IN_FRAMEWORK_HEADER = YES;
				CLANG_WARN_RANGE_LOOP_ANALYSIS = YES;
				CLANG_WARN_STRICT_PROTOTYPES = YES;
				CLANG_WARN_SUSPICIOUS_MOVE = YES;
				CLANG_WARN_UNGUARDED_AVAILABILITY = YES_AGGRESSIVE;
				CLANG_WARN_UNREACHABLE_CODE = YES;
				CLANG_WARN__DUPLICATE_METHOD_MATCH = YES;
				COPY_PHASE_STRIP = NO;
				DEBUG_INFORMATION_FORMAT = dwarf;
				ENABLE_STRICT_OBJC_MSGSEND = YES;
				ENABLE_TESTABILITY = YES;
				GCC_C_LANGUAGE_STANDARD = gnu11;
				GCC_DYNAMIC_NO_PIC = NO;
				GCC_NO_COMMON_BLOCKS = YES;
				GCC_OPTIMIZATION_LEVEL = 0;
				GCC_PREPROCESSOR_DEFINITIONS = (
					"DEBUG=1",
					"$(inherited)",
				);
				GCC_WARN_64_TO_32_BIT_CONVERSION = YES;
				GCC_WARN_ABOUT_RETURN_TYPE = YES_ERROR;
				GCC_WARN_UNDECLARED_SELECTOR = YES;
				GCC_WARN_UNINITIALIZED_AUTOS = YES_AGGRESSIVE;
				GCC_WARN_UNUSED_FUNCTION = YES;
				GCC_WARN_UNUSED_VARIABLE = YES;
				IPHONEOS_DEPLOYMENT_TARGET = 15.5;
				MTL_ENABLE_DEBUG_INFO = INCLUDE_SOURCE;
				MTL_FAST_MATH = YES;
				ONLY_ACTIVE_ARCH = YES;
				SDKROOT = iphoneos;
				SWIFT_ACTIVE_COMPILATION_CONDITIONS = DEBUG;
				SWIFT_OPTIMIZATION_LEVEL = "-Onone";
			};
			name = Debug;
		};
		5ADCF4AC28872E8F00EB653A /* Release */ = {
			isa = XCBuildConfiguration;
			buildSettings = {
				ALWAYS_SEARCH_USER_PATHS = NO;
				CLANG_ANALYZER_NONNULL = YES;
				CLANG_ANALYZER_NUMBER_OBJECT_CONVERSION = YES_AGGRESSIVE;
				CLANG_CXX_LANGUAGE_STANDARD = "gnu++17";
				CLANG_ENABLE_MODULES = YES;
				CLANG_ENABLE_OBJC_ARC = YES;
				CLANG_ENABLE_OBJC_WEAK = YES;
				CLANG_WARN_BLOCK_CAPTURE_AUTORELEASING = YES;
				CLANG_WARN_BOOL_CONVERSION = YES;
				CLANG_WARN_COMMA = YES;
				CLANG_WARN_CONSTANT_CONVERSION = YES;
				CLANG_WARN_DEPRECATED_OBJC_IMPLEMENTATIONS = YES;
				CLANG_WARN_DIRECT_OBJC_ISA_USAGE = YES_ERROR;
				CLANG_WARN_DOCUMENTATION_COMMENTS = YES;
				CLANG_WARN_EMPTY_BODY = YES;
				CLANG_WARN_ENUM_CONVERSION = YES;
				CLANG_WARN_INFINITE_RECURSION = YES;
				CLANG_WARN_INT_CONVERSION = YES;
				CLANG_WARN_NON_LITERAL_NULL_CONVERSION = YES;
				CLANG_WARN_OBJC_IMPLICIT_RETAIN_SELF = YES;
				CLANG_WARN_OBJC_LITERAL_CONVERSION = YES;
				CLANG_WARN_OBJC_ROOT_CLASS = YES_ERROR;
				CLANG_WARN_QUOTED_INCLUDE_IN_FRAMEWORK_HEADER = YES;
				CLANG_WARN_RANGE_LOOP_ANALYSIS = YES;
				CLANG_WARN_STRICT_PROTOTYPES = YES;
				CLANG_WARN_SUSPICIOUS_MOVE = YES;
				CLANG_WARN_UNGUARDED_AVAILABILITY = YES_AGGRESSIVE;
				CLANG_WARN_UNREACHABLE_CODE = YES;
				CLANG_WARN__DUPLICATE_METHOD_MATCH = YES;
				COPY_PHASE_STRIP = NO;
				DEBUG_INFORMATION_FORMAT = "dwarf-with-dsym";
				ENABLE_NS_ASSERTIONS = NO;
				ENABLE_STRICT_OBJC_MSGSEND = YES;
				GCC_C_LANGUAGE_STANDARD = gnu11;
				GCC_NO_COMMON_BLOCKS = YES;
				GCC_WARN_64_TO_32_BIT_CONVERSION = YES;
				GCC_WARN_ABOUT_RETURN_TYPE = YES_ERROR;
				GCC_WARN_UNDECLARED_SELECTOR = YES;
				GCC_WARN_UNINITIALIZED_AUTOS = YES_AGGRESSIVE;
				GCC_WARN_UNUSED_FUNCTION = YES;
				GCC_WARN_UNUSED_VARIABLE = YES;
				IPHONEOS_DEPLOYMENT_TARGET = 15.5;
				MTL_ENABLE_DEBUG_INFO = NO;
				MTL_FAST_MATH = YES;
				SDKROOT = iphoneos;
				SWIFT_COMPILATION_MODE = wholemodule;
				SWIFT_OPTIMIZATION_LEVEL = "-O";
				VALIDATE_PRODUCT = YES;
			};
			name = Release;
		};
		5ADCF4AE28872E8F00EB653A /* Debug */ = {
			isa = XCBuildConfiguration;
			baseConfigurationReference = 3A9DB64AC63805F42333E964 /* Pods-Get Fit.debug.xcconfig */;
			buildSettings = {
				ASSETCATALOG_COMPILER_APPICON_NAME = AppIcon;
				ASSETCATALOG_COMPILER_GLOBAL_ACCENT_COLOR_NAME = AccentColor;
				CODE_SIGN_STYLE = Automatic;
				CURRENT_PROJECT_VERSION = 1;
				DEVELOPMENT_TEAM = T297WAFH5U;
				GENERATE_INFOPLIST_FILE = YES;
				INFOPLIST_FILE = "Get Fit/Info.plist";
				INFOPLIST_KEY_UIApplicationSupportsIndirectInputEvents = YES;
				INFOPLIST_KEY_UILaunchStoryboardName = LaunchScreen;
				INFOPLIST_KEY_UIMainStoryboardFile = Main;
				INFOPLIST_KEY_UISupportedInterfaceOrientations = UIInterfaceOrientationPortrait;
				INFOPLIST_KEY_UISupportedInterfaceOrientations_iPad = "UIInterfaceOrientationLandscapeLeft UIInterfaceOrientationLandscapeRight UIInterfaceOrientationPortrait UIInterfaceOrientationPortraitUpsideDown";
				IPHONEOS_DEPLOYMENT_TARGET = 15.0;
				LD_RUNPATH_SEARCH_PATHS = (
					"$(inherited)",
					"@executable_path/Frameworks",
				);
				MARKETING_VERSION = 1.0;
				PRODUCT_BUNDLE_IDENTIFIER = "com.sandeepsahani.Get-Fit";
				PRODUCT_NAME = "$(TARGET_NAME)";
				SWIFT_EMIT_LOC_STRINGS = YES;
				SWIFT_VERSION = 5.0;
				TARGETED_DEVICE_FAMILY = "1,2";
			};
			name = Debug;
		};
		5ADCF4AF28872E8F00EB653A /* Release */ = {
			isa = XCBuildConfiguration;
			baseConfigurationReference = DE1D3161DF7F852AD3CDDDB7 /* Pods-Get Fit.release.xcconfig */;
			buildSettings = {
				ASSETCATALOG_COMPILER_APPICON_NAME = AppIcon;
				ASSETCATALOG_COMPILER_GLOBAL_ACCENT_COLOR_NAME = AccentColor;
				CODE_SIGN_STYLE = Automatic;
				CURRENT_PROJECT_VERSION = 1;
				DEVELOPMENT_TEAM = T297WAFH5U;
				GENERATE_INFOPLIST_FILE = YES;
				INFOPLIST_FILE = "Get Fit/Info.plist";
				INFOPLIST_KEY_UIApplicationSupportsIndirectInputEvents = YES;
				INFOPLIST_KEY_UILaunchStoryboardName = LaunchScreen;
				INFOPLIST_KEY_UIMainStoryboardFile = Main;
				INFOPLIST_KEY_UISupportedInterfaceOrientations = UIInterfaceOrientationPortrait;
				INFOPLIST_KEY_UISupportedInterfaceOrientations_iPad = "UIInterfaceOrientationLandscapeLeft UIInterfaceOrientationLandscapeRight UIInterfaceOrientationPortrait UIInterfaceOrientationPortraitUpsideDown";
				IPHONEOS_DEPLOYMENT_TARGET = 15.0;
				LD_RUNPATH_SEARCH_PATHS = (
					"$(inherited)",
					"@executable_path/Frameworks",
				);
				MARKETING_VERSION = 1.0;
				PRODUCT_BUNDLE_IDENTIFIER = "com.sandeepsahani.Get-Fit";
				PRODUCT_NAME = "$(TARGET_NAME)";
				SWIFT_EMIT_LOC_STRINGS = YES;
				SWIFT_VERSION = 5.0;
				TARGETED_DEVICE_FAMILY = "1,2";
			};
			name = Release;
		};
/* End XCBuildConfiguration section */

/* Begin XCConfigurationList section */
		5ADCF49428872E8B00EB653A /* Build configuration list for PBXProject "Get Fit" */ = {
			isa = XCConfigurationList;
			buildConfigurations = (
				5ADCF4AB28872E8F00EB653A /* Debug */,
				5ADCF4AC28872E8F00EB653A /* Release */,
			);
			defaultConfigurationIsVisible = 0;
			defaultConfigurationName = Release;
		};
		5ADCF4AD28872E8F00EB653A /* Build configuration list for PBXNativeTarget "Get Fit" */ = {
			isa = XCConfigurationList;
			buildConfigurations = (
				5ADCF4AE28872E8F00EB653A /* Debug */,
				5ADCF4AF28872E8F00EB653A /* Release */,
			);
			defaultConfigurationIsVisible = 0;
			defaultConfigurationName = Release;
		};
/* End XCConfigurationList section */

/* Begin XCRemoteSwiftPackageReference section */
		5A8C64A6294245300014B6EB /* XCRemoteSwiftPackageReference "Kingfisher" */ = {
			isa = XCRemoteSwiftPackageReference;
			repositoryURL = "https://github.com/onevcat/Kingfisher";
			requirement = {
				kind = upToNextMajorVersion;
				minimumVersion = 7.0.0;
			};
		};
/* End XCRemoteSwiftPackageReference section */

/* Begin XCSwiftPackageProductDependency section */
		5A8C64A7294245300014B6EB /* Kingfisher */ = {
			isa = XCSwiftPackageProductDependency;
			package = 5A8C64A6294245300014B6EB /* XCRemoteSwiftPackageReference "Kingfisher" */;
			productName = Kingfisher;
		};
/* End XCSwiftPackageProductDependency section */
	};
	rootObject = 5ADCF49128872E8B00EB653A /* Project object */;
}
